
Microsoft Visual Studio Solution File, Format Version 12.00
# Visual Studio Version 16
VisualStudioVersion = 16.0.32407.337
MinimumVisualStudioVersion = 10.0.40219.1
Project("{8BC9CEB8-8B4A-11D0-8D11-00A0C91BC942}") = "simdisk", "simdisk\simdisk.vcxproj", "{ADC969FB-2733-4B0B-BC89-B80B03C7F715}"
EndProject
Project("{2150E333-8FDC-42A3-9474-1A3956D46DE8}") = "Solution Items", "Solution Items", "{B732F7D3-1376-4B2B-A0AB-5393F4354C83}"
	ProjectSection(SolutionItems) = preProject
		.gitignore = .gitignore
	EndProjectSection
EndProject
Project("{8BC9CEB8-8B4A-11D0-8D11-00A0C91BC942}") = "shell", "shell\shell.vcxproj", "{9063F0C7-E44F-493D-BB5B-D886F460E42C}"
EndProject
Global
	GlobalSection(SolutionConfigurationPlatforms) = preSolution
		Debug|x64 = Debug|x64
		Debug|x86 = Debug|x86
		Release|x64 = Release|x64
		Release|x86 = Release|x86
	EndGlobalSection
	GlobalSection(ProjectConfigurationPlatforms) = postSolution
		{ADC969FB-2733-4B0B-BC89-B80B03C7F715}.Debug|x64.ActiveCfg = Debug|x64
		{ADC969FB-2733-4B0B-BC89-B80B03C7F715}.Debug|x64.Build.0 = Debug|x64
		{ADC969FB-2733-4B0B-BC89-B80B03C7F715}.Debug|x86.ActiveCfg = Debug|Win32
		{ADC969FB-2733-4B0B-BC89-B80B03C7F715}.Debug|x86.Build.0 = Debug|Win32
		{ADC969FB-2733-4B0B-BC89-B80B03C7F715}.Release|x64.ActiveCfg = Release|x64
		{ADC969FB-2733-4B0B-BC89-B80B03C7F715}.Release|x64.Build.0 = Release|x64
		{ADC969FB-2733-4B0B-BC89-B80B03C7F715}.Release|x86.ActiveCfg = Release|Win32
		{ADC969FB-2733-4B0B-BC89-B80B03C7F715}.Release|x86.Build.0 = Release|Win32
		{9063F0C7-E44F-493D-BB5B-D886F460E42C}.Debug|x64.ActiveCfg = Debug|x64
		{9063F0C7-E44F-493D-BB5B-D886F460E42C}.Debug|x64.Build.0 = Debug|x64
		{9063F0C7-E44F-493D-BB5B-D886F460E42C}.Debug|x86.ActiveCfg = Debug|Win32
		{9063F0C7-E44F-493D-BB5B-D886F460E42C}.Debug|x86.Build.0 = Debug|Win32
		{9063F0C7-E44F-493D-BB5B-D886F460E42C}.Release|x64.ActiveCfg = Release|x64
		{9063F0C7-E44F-493D-BB5B-D886F460E42C}.Release|x64.Build.0 = Release|x64
		{9063F0C7-E44F-493D-BB5B-D886F460E42C}.Release|x86.ActiveCfg = Release|Win32
		{9063F0C7-E44F-493D-BB5B-D886F460E42C}.Release|x86.Build.0 = Release|Win32
	EndGlobalSection
	GlobalSection(SolutionProperties) = preSolution
		HideSolutionNode = FALSE
	EndGlobalSection
	GlobalSection(ExtensibilityGlobals) = postSolution
		SolutionGuid = {C5958635-9CD7-4C1E-ABA0-79ED0B728E4A}
	EndGlobalSection
EndGlobal
